
Microsoft Visual Studio Solution File, Format Version 12.00
# Visual Studio Version 17
VisualStudioVersion = 17.9.34616.47
MinimumVisualStudioVersion = 10.0.40219.1
Project("{2150E333-8FDC-42A3-9474-1A3956D46DE8}") = "Docs", "Docs", "{BDD1B1C9-A149-4CDF-9865-5A2596945499}"
	ProjectSection(SolutionItems) = preProject
		Readme.md = Readme.md
	EndProjectSection
EndProject
Project("{2150E333-8FDC-42A3-9474-1A3956D46DE8}") = "Libs", "Libs", "{23231161-2DF0-419C-ACB1-533AAE34622B}"
EndProject
Project("{2150E333-8FDC-42A3-9474-1A3956D46DE8}") = "Tests", "Tests", "{CF785E9C-DA9F-429B-B56C-A3B5141EAA3C}"
EndProject
Project("{FAE04EC0-301F-11D3-BF4B-00C04F79EFBC}") = "HttpHelper", "HttpHelper\HttpHelper.csproj", "{FB1978EE-5F81-4346-92C5-3DA9BE75A2FF}"
EndProject
Project("{9A19103F-16F7-4668-BE54-9A1E7A4F7556}") = "HttpHelperTests", "HttpHelperTests\HttpHelperTests.csproj", "{F6A0BE65-3364-4C1A-A5F5-4B9D92AEDD90}"
EndProject
Project("{2150E333-8FDC-42A3-9474-1A3956D46DE8}") = "Scripts", "Scripts", "{43AB096A-8EE0-46FE-B65E-48A75DE9DAF5}"
	ProjectSection(SolutionItems) = preProject
		Scripts\Deploy.sql = Scripts\Deploy.sql
	EndProjectSection
EndProject
Global
	GlobalSection(SolutionConfigurationPlatforms) = preSolution
		Debug|Any CPU = Debug|Any CPU
		Release|Any CPU = Release|Any CPU
	EndGlobalSection
	GlobalSection(ProjectConfigurationPlatforms) = postSolution
		{FB1978EE-5F81-4346-92C5-3DA9BE75A2FF}.Debug|Any CPU.ActiveCfg = Debug|Any CPU
		{FB1978EE-5F81-4346-92C5-3DA9BE75A2FF}.Debug|Any CPU.Build.0 = Debug|Any CPU
		{FB1978EE-5F81-4346-92C5-3DA9BE75A2FF}.Release|Any CPU.ActiveCfg = Release|Any CPU
		{FB1978EE-5F81-4346-92C5-3DA9BE75A2FF}.Release|Any CPU.Build.0 = Release|Any CPU
		{F6A0BE65-3364-4C1A-A5F5-4B9D92AEDD90}.Debug|Any CPU.ActiveCfg = Debug|Any CPU
		{F6A0BE65-3364-4C1A-A5F5-4B9D92AEDD90}.Debug|Any CPU.Build.0 = Debug|Any CPU
		{F6A0BE65-3364-4C1A-A5F5-4B9D92AEDD90}.Release|Any CPU.ActiveCfg = Release|Any CPU
		{F6A0BE65-3364-4C1A-A5F5-4B9D92AEDD90}.Release|Any CPU.Build.0 = Release|Any CPU
	EndGlobalSection
	GlobalSection(SolutionProperties) = preSolution
		HideSolutionNode = FALSE
	EndGlobalSection
	GlobalSection(NestedProjects) = preSolution
		{FB1978EE-5F81-4346-92C5-3DA9BE75A2FF} = {23231161-2DF0-419C-ACB1-533AAE34622B}
		{F6A0BE65-3364-4C1A-A5F5-4B9D92AEDD90} = {CF785E9C-DA9F-429B-B56C-A3B5141EAA3C}
	EndGlobalSection
	GlobalSection(ExtensibilityGlobals) = postSolution
		SolutionGuid = {2660A863-B1AA-4E20-8DF2-35BE2552753B}
	EndGlobalSection
EndGlobal
